
Microsoft Visual Studio Solution File, Format Version 12.00
Project("{FAE04EC0-301F-11D3-BF4B-00C04F79EFBC}") = "Strategy", "src\Strategy\Strategy.csproj", "{15A1B330-22F4-4B09-B892-A1854ACFD5D4}"
EndProject
Project("{FAE04EC0-301F-11D3-BF4B-00C04F79EFBC}") = "Commons", "src\Commons\Commons.csproj", "{92807DD7-EC53-4B20-A667-E9DA384F8757}"
EndProject
Project("{FAE04EC0-301F-11D3-BF4B-00C04F79EFBC}") = "ChainOfResponsibility", "src\ChainOfResponsibility\ChainOfResponsibility.csproj", "{08EAAF07-B4E3-4B4F-A408-D1BA7BCFDDC7}"
EndProject
Project("{FAE04EC0-301F-11D3-BF4B-00C04F79EFBC}") = "TemplateMethod", "src\TemplateMethod\TemplateMethod.csproj", "{D8739B9A-4833-4F8F-B299-E94AEA8FA823}"
EndProject
Project("{FAE04EC0-301F-11D3-BF4B-00C04F79EFBC}") = "Decorator", "src\Decorator\Decorator.csproj", "{B9E5382E-DD86-4B0E-A087-0D981EB261FD}"
EndProject
Project("{FAE04EC0-301F-11D3-BF4B-00C04F79EFBC}") = "State", "src\State\State.csproj", "{D58249C7-DCB2-410E-AD7B-FE7EAD943EAD}"
EndProject
Global
	GlobalSection(SolutionConfigurationPlatforms) = preSolution
		Debug|Any CPU = Debug|Any CPU
		Release|Any CPU = Release|Any CPU
	EndGlobalSection
	GlobalSection(ProjectConfigurationPlatforms) = postSolution
		{15A1B330-22F4-4B09-B892-A1854ACFD5D4}.Debug|Any CPU.ActiveCfg = Debug|Any CPU
		{15A1B330-22F4-4B09-B892-A1854ACFD5D4}.Debug|Any CPU.Build.0 = Debug|Any CPU
		{15A1B330-22F4-4B09-B892-A1854ACFD5D4}.Release|Any CPU.ActiveCfg = Release|Any CPU
		{15A1B330-22F4-4B09-B892-A1854ACFD5D4}.Release|Any CPU.Build.0 = Release|Any CPU
		{92807DD7-EC53-4B20-A667-E9DA384F8757}.Debug|Any CPU.ActiveCfg = Debug|Any CPU
		{92807DD7-EC53-4B20-A667-E9DA384F8757}.Debug|Any CPU.Build.0 = Debug|Any CPU
		{92807DD7-EC53-4B20-A667-E9DA384F8757}.Release|Any CPU.ActiveCfg = Release|Any CPU
		{92807DD7-EC53-4B20-A667-E9DA384F8757}.Release|Any CPU.Build.0 = Release|Any CPU
		{08EAAF07-B4E3-4B4F-A408-D1BA7BCFDDC7}.Debug|Any CPU.ActiveCfg = Debug|Any CPU
		{08EAAF07-B4E3-4B4F-A408-D1BA7BCFDDC7}.Debug|Any CPU.Build.0 = Debug|Any CPU
		{08EAAF07-B4E3-4B4F-A408-D1BA7BCFDDC7}.Release|Any CPU.ActiveCfg = Release|Any CPU
		{08EAAF07-B4E3-4B4F-A408-D1BA7BCFDDC7}.Release|Any CPU.Build.0 = Release|Any CPU
		{D8739B9A-4833-4F8F-B299-E94AEA8FA823}.Debug|Any CPU.ActiveCfg = Debug|Any CPU
		{D8739B9A-4833-4F8F-B299-E94AEA8FA823}.Debug|Any CPU.Build.0 = Debug|Any CPU
		{D8739B9A-4833-4F8F-B299-E94AEA8FA823}.Release|Any CPU.ActiveCfg = Release|Any CPU
		{D8739B9A-4833-4F8F-B299-E94AEA8FA823}.Release|Any CPU.Build.0 = Release|Any CPU
		{B9E5382E-DD86-4B0E-A087-0D981EB261FD}.Debug|Any CPU.ActiveCfg = Debug|Any CPU
		{B9E5382E-DD86-4B0E-A087-0D981EB261FD}.Debug|Any CPU.Build.0 = Debug|Any CPU
		{B9E5382E-DD86-4B0E-A087-0D981EB261FD}.Release|Any CPU.ActiveCfg = Release|Any CPU
		{B9E5382E-DD86-4B0E-A087-0D981EB261FD}.Release|Any CPU.Build.0 = Release|Any CPU
		{D58249C7-DCB2-410E-AD7B-FE7EAD943EAD}.Debug|Any CPU.ActiveCfg = Debug|Any CPU
		{D58249C7-DCB2-410E-AD7B-FE7EAD943EAD}.Debug|Any CPU.Build.0 = Debug|Any CPU
		{D58249C7-DCB2-410E-AD7B-FE7EAD943EAD}.Release|Any CPU.ActiveCfg = Release|Any CPU
		{D58249C7-DCB2-410E-AD7B-FE7EAD943EAD}.Release|Any CPU.Build.0 = Release|Any CPU
	EndGlobalSection
EndGlobal
